
Microsoft Visual Studio Solution File, Format Version 12.00
# Visual Studio Version 16
VisualStudioVersion = 16.0.30011.22
MinimumVisualStudioVersion = 10.0.40219.1
Project("{FAE04EC0-301F-11D3-BF4B-00C04F79EFBC}") = "Algorithms", "Algorithms.csproj", "{AC0EED61-1724-48AE-AD60-5D56C7EE98B2}"
EndProject
Global
	GlobalSection(SolutionConfigurationPlatforms) = preSolution
		Debug|Any CPU = Debug|Any CPU
		Release|Any CPU = Release|Any CPU
	EndGlobalSection
	GlobalSection(ProjectConfigurationPlatforms) = postSolution
		{AC0EED61-1724-48AE-AD60-5D56C7EE98B2}.Debug|Any CPU.ActiveCfg = Debug|Any CPU
		{AC0EED61-1724-48AE-AD60-5D56C7EE98B2}.Debug|Any CPU.Build.0 = Debug|Any CPU
		{AC0EED61-1724-48AE-AD60-5D56C7EE98B2}.Release|Any CPU.ActiveCfg = Release|Any CPU
		{AC0EED61-1724-48AE-AD60-5D56C7EE98B2}.Release|Any CPU.Build.0 = Release|Any CPU
	EndGlobalSection
	GlobalSection(SolutionProperties) = preSolution
		HideSolutionNode = FALSE
	EndGlobalSection
	GlobalSection(ExtensibilityGlobals) = postSolution
		SolutionGuid = {7CD72B6A-5484-44B1-8F6D-8643542613E5}
	EndGlobalSection
EndGlobal
